<?xml version="1.0" encoding="utf-8"?>
<Project ToolsVersion="4.0" xmlns="http://schemas.microsoft.com/developer/msbuild/2003">
  <ItemGroup>
    <Filter Include="Source Files">
      <UniqueIdentifier>{4FC737F1-C7A5-4376-A066-2A32D752A2FF}</UniqueIdentifier>
      <Extensions>cpp;c;cc;cxx;c++;cppm;ixx;def;odl;idl;hpj;bat;asm;asmx</Extensions>
    </Filter>
    <Filter Include="Header Files">
      <UniqueIdentifier>{93995380-89BD-4b04-88EB-625FBE52EBFB}</UniqueIdentifier>
      <Extensions>h;hh;hpp;hxx;h++;hm;inl;inc;ipp;xsd</Extensions>
    </Filter>
    <Filter Include="Resource Files">
      <UniqueIdentifier>{67DA6AB6-F800-4c08-8B7A-83BB121AAD01}</UniqueIdentifier>
      <Extensions>rc;ico;cur;bmp;dlg;rc2;rct;bin;rgs;gif;jpg;jpeg;jpe;resx;tiff;tif;png;wav;mfcribbon-ms</Extensions>
    </Filter>
    <Filter Include="Header Files\Entity">
      <UniqueIdentifier>{6ef90995-5001-4381-a09c-3ecce3ecbb0d}</UniqueIdentifier>
    </Filter>
    <Filter Include="Header Files\GUI">
      <UniqueIdentifier>{0b4d54f1-489a-4008-a1b3-fecaf4a11e79}</UniqueIdentifier>
    </Filter>
    <Filter Include="Header Files\States">
      <UniqueIdentifier>{4ee2f3d6-57ba-46a0-b3c1-b7e154c30aac}</UniqueIdentifier>
    </Filter>
    <Filter Include="Source Files\Entity">
      <UniqueIdentifier>{bdf3d4b8-1081-46e8-9f0d-6cb6262ac346}</UniqueIdentifier>
    </Filter>
    <Filter Include="Source Files\GUI">
      <UniqueIdentifier>{1e78c6fb-1247-4be6-a5e1-6ad04910aa64}</UniqueIdentifier>
    </Filter>
    <Filter Include="Source Files\States">
      <UniqueIdentifier>{b7fba8bd-bfa6-4425-8a33-e92c86ef69ab}</UniqueIdentifier>
    </Filter>
    <Filter Include="Header Files\Core">
      <UniqueIdentifier>{981ec7d3-b936-46c4-be92-0ecd89e354c8}</UniqueIdentifier>
    </Filter>
    <Filter Include="Source Files\Core">
      <UniqueIdentifier>{adbb5846-8c31-4d8f-8ec9-12c99da87b7e}</UniqueIdentifier>
    </Filter>
    <Filter Include="Header Files\Input">
      <UniqueIdentifier>{285bef3f-3da5-41cd-bc96-a94ee4ed5361}</UniqueIdentifier>
    </Filter>
    <Filter Include="Source Files\Input">
      <UniqueIdentifier>{a571650c-0c62-4ec2-b221-4de0265a8162}</UniqueIdentifier>
    </Filter>
    <Filter Include="Header Files\Map">
      <UniqueIdentifier>{7432a302-5bc0-4711-9610-b8c490f6b569}</UniqueIdentifier>
    </Filter>
    <Filter Include="Source Files\Map">
      <UniqueIdentifier>{a0a59575-44de-4334-a927-0be97b69726a}</UniqueIdentifier>
    </Filter>
    <Filter Include="Header Files\Map\Tile">
      <UniqueIdentifier>{5af8d7d6-1519-4e8d-af16-9120859d585b}</UniqueIdentifier>
    </Filter>
    <Filter Include="Header Files\Entity\Mario">
      <UniqueIdentifier>{84b9999e-5443-4f64-a045-c87c233f7521}</UniqueIdentifier>
    </Filter>
    <Filter Include="Source Files\Map\Tile">
      <UniqueIdentifier>{029596d5-65cd-4be0-83f0-6c6a6261b888}</UniqueIdentifier>
    </Filter>
  </ItemGroup>
  <ItemGroup>
    <ClCompile Include="..\src\Game.cpp">
      <Filter>Source Files\Core</Filter>
    </ClCompile>
    <ClCompile Include="..\src\Global.cpp">
      <Filter>Source Files\Core</Filter>
    </ClCompile>
    <ClCompile Include="..\src\Button.cpp">
      <Filter>Source Files\GUI</Filter>
    </ClCompile>
    <ClCompile Include="..\src\GUI.cpp">
      <Filter>Source Files\GUI</Filter>
    </ClCompile>
    <ClCompile Include="..\src\MenuState.cpp">
      <Filter>Source Files\States</Filter>
    </ClCompile>
    <ClCompile Include="..\src\PauseState.cpp">
      <Filter>Source Files\States</Filter>
    </ClCompile>
    <ClCompile Include="..\src\PlayState.cpp">
      <Filter>Source Files\States</Filter>
    </ClCompile>
    <ClCompile Include="..\src\main.cpp">
      <Filter>Source Files</Filter>
    </ClCompile>
    <ClCompile Include="..\src\Animation.cpp">
      <Filter>Source Files\Entity</Filter>
    </ClCompile>
    <ClCompile Include="..\src\Character.cpp">
      <Filter>Source Files\Entity</Filter>
    </ClCompile>
    <ClCompile Include="..\src\Mario.cpp">
      <Filter>Source Files\Entity</Filter>
    </ClCompile>
    <ClCompile Include="..\headers\InputHandler.cpp">
      <Filter>Source Files\Input</Filter>
    </ClCompile>
    <ClCompile Include="..\src\Map.cpp">
      <Filter>Source Files\Map</Filter>
    </ClCompile>
    <ClCompile Include="..\src\MapEditor.cpp">
      <Filter>Source Files\Map</Filter>
    </ClCompile>
    <ClCompile Include="..\src\CameraController.cpp">
      <Filter>Source Files\Core</Filter>
    </ClCompile>
    <ClCompile Include="..\src\ParallaxManager.cpp">
      <Filter>Source Files\Map</Filter>
    </ClCompile>
    <ClCompile Include="..\src\Collision.cpp">
      <Filter>Source Files\Core</Filter>
    </ClCompile>
    <ClCompile Include="..\src\ConcreteTileBehavior.cpp">
      <Filter>Source Files\Map\Tile</Filter>
    </ClCompile>
  </ItemGroup>
  <ItemGroup>
    <ClInclude Include="..\headers\Game.h">
      <Filter>Header Files\Core</Filter>
    </ClInclude>
    <ClInclude Include="..\headers\Global.h">
      <Filter>Header Files\Core</Filter>
    </ClInclude>
    <ClInclude Include="..\headers\Button.h">
      <Filter>Header Files\GUI</Filter>
    </ClInclude>
    <ClInclude Include="..\headers\GUI.h">
      <Filter>Header Files\GUI</Filter>
    </ClInclude>
    <ClInclude Include="..\headers\GameState.h">
      <Filter>Header Files\States</Filter>
    </ClInclude>
    <ClInclude Include="..\headers\MenuState.h">
      <Filter>Header Files\States</Filter>
    </ClInclude>
    <ClInclude Include="..\headers\PauseState.h">
      <Filter>Header Files\States</Filter>
    </ClInclude>
    <ClInclude Include="..\headers\PlayState.h">
      <Filter>Header Files\States</Filter>
    </ClInclude>
    <ClInclude Include="..\headers\Animation.h">
      <Filter>Header Files\Entity</Filter>
    </ClInclude>
    <ClInclude Include="..\headers\Character.h">
      <Filter>Header Files\Entity</Filter>
    </ClInclude>
    <ClInclude Include="..\headers\Command.h">
      <Filter>Header Files\Input</Filter>
    </ClInclude>
    <ClInclude Include="..\headers\InputHandler.h">
      <Filter>Header Files\Input</Filter>
    </ClInclude>
    <ClInclude Include="..\headers\Map.h">
      <Filter>Header Files\Map</Filter>
    </ClInclude>
    <ClInclude Include="..\headers\MapEditor.h">
      <Filter>Header Files\Map</Filter>
    </ClInclude>
    <ClInclude Include="..\headers\ConcreteTileBehavior.h">
      <Filter>Header Files\Map\Tile</Filter>
    </ClInclude>
    <ClInclude Include="..\headers\Tile.h">
      <Filter>Header Files\Map\Tile</Filter>
    </ClInclude>
    <ClInclude Include="..\headers\TileBehavior.h">
      <Filter>Header Files\Map\Tile</Filter>
    </ClInclude>
    <ClInclude Include="..\headers\CameraController.h">
      <Filter>Header Files\Core</Filter>
    </ClInclude>
    <ClInclude Include="..\headers\ParallaxManager.h">
      <Filter>Header Files\Map</Filter>
    </ClInclude>
    <ClInclude Include="..\headers\Collision.h">
      <Filter>Header Files\Core</Filter>
    </ClInclude>
    <ClInclude Include="..\headers\Mario.h">
      <Filter>Header Files\Entity\Mario</Filter>
    </ClInclude>
    <ClInclude Include="..\headers\Timer.h">
      <Filter>Source Files\Core</Filter>
    </ClInclude>
  </ItemGroup>
</Project>